
Microsoft Visual Studio Solution File, Format Version 12.00
# Visual Studio Version 17
VisualStudioVersion = 17.0.31903.59
MinimumVisualStudioVersion = 10.0.40219.1
Project("{FAE04EC0-301F-11D3-BF4B-00C04F79EFBC}") = "Streaming RTSP", "Streaming RTSP\Streaming RTSP.csproj", "{D07B01FF-539E-40EE-9726-60B6F262D73A}"
EndProject
Project("{2150E333-8FDC-42A3-9474-1A3956D46DE8}") = "Services", "Services", "{02EA681E-C7D8-13C7-8484-4AC65E1B71E8}"
EndProject
Project("{FAE04EC0-301F-11D3-BF4B-00C04F79EFBC}") = "Streaming RTSP.Services", "Streaming RTSP.Services\Streaming RTSP.Services.csproj", "{356ED485-42AC-4D1F-A5D3-A26ECD6E974A}"
EndProject
Project("{FAE04EC0-301F-11D3-BF4B-00C04F79EFBC}") = "Streaming RTSP.Services.Interfaces", "Streaming RTSP.Services.Interfaces\Streaming RTSP.Services.Interfaces.csproj", "{597ADF1F-0A75-46AB-87DA-EFBC0C08AF2F}"
EndProject
Project("{2150E333-8FDC-42A3-9474-1A3956D46DE8}") = "Tests", "Tests", "{6AEA138C-842C-408A-9F88-ACB936326DC5}"
EndProject
Project("{FAE04EC0-301F-11D3-BF4B-00C04F79EFBC}") = "Streaming RTSP.Services.Tests", "Streaming RTSP.Services.Tests\Streaming RTSP.Services.Tests.csproj", "{7D63D088-FF74-41C0-8595-671D4C7E05E1}"
EndProject
Global
	GlobalSection(SolutionConfigurationPlatforms) = preSolution
		Debug|Any CPU = Debug|Any CPU
		Debug|x64 = Debug|x64
		Release|Any CPU = Release|Any CPU
		Release|x64 = Release|x64
	EndGlobalSection
	GlobalSection(ProjectConfigurationPlatforms) = postSolution
		{D07B01FF-539E-40EE-9726-60B6F262D73A}.Debug|Any CPU.ActiveCfg = Debug|Any CPU
		{D07B01FF-539E-40EE-9726-60B6F262D73A}.Debug|Any CPU.Build.0 = Debug|Any CPU
		{D07B01FF-539E-40EE-9726-60B6F262D73A}.Debug|x64.ActiveCfg = Debug|x64
		{D07B01FF-539E-40EE-9726-60B6F262D73A}.Debug|x64.Build.0 = Debug|x64
		{D07B01FF-539E-40EE-9726-60B6F262D73A}.Release|Any CPU.ActiveCfg = Release|Any CPU
		{D07B01FF-539E-40EE-9726-60B6F262D73A}.Release|Any CPU.Build.0 = Release|Any CPU
		{D07B01FF-539E-40EE-9726-60B6F262D73A}.Release|x64.ActiveCfg = Release|x64
		{D07B01FF-539E-40EE-9726-60B6F262D73A}.Release|x64.Build.0 = Release|x64
		{356ED485-42AC-4D1F-A5D3-A26ECD6E974A}.Debug|Any CPU.ActiveCfg = Debug|Any CPU
		{356ED485-42AC-4D1F-A5D3-A26ECD6E974A}.Debug|Any CPU.Build.0 = Debug|Any CPU
		{356ED485-42AC-4D1F-A5D3-A26ECD6E974A}.Debug|x64.ActiveCfg = Debug|Any CPU
		{356ED485-42AC-4D1F-A5D3-A26ECD6E974A}.Debug|x64.Build.0 = Debug|Any CPU
		{356ED485-42AC-4D1F-A5D3-A26ECD6E974A}.Release|Any CPU.ActiveCfg = Release|Any CPU
		{356ED485-42AC-4D1F-A5D3-A26ECD6E974A}.Release|Any CPU.Build.0 = Release|Any CPU
		{356ED485-42AC-4D1F-A5D3-A26ECD6E974A}.Release|x64.ActiveCfg = Release|Any CPU
		{356ED485-42AC-4D1F-A5D3-A26ECD6E974A}.Release|x64.Build.0 = Release|Any CPU
		{597ADF1F-0A75-46AB-87DA-EFBC0C08AF2F}.Debug|Any CPU.ActiveCfg = Debug|Any CPU
		{597ADF1F-0A75-46AB-87DA-EFBC0C08AF2F}.Debug|Any CPU.Build.0 = Debug|Any CPU
		{597ADF1F-0A75-46AB-87DA-EFBC0C08AF2F}.Debug|x64.ActiveCfg = Debug|Any CPU
		{597ADF1F-0A75-46AB-87DA-EFBC0C08AF2F}.Debug|x64.Build.0 = Debug|Any CPU
		{597ADF1F-0A75-46AB-87DA-EFBC0C08AF2F}.Release|Any CPU.ActiveCfg = Release|Any CPU
		{597ADF1F-0A75-46AB-87DA-EFBC0C08AF2F}.Release|Any CPU.Build.0 = Release|Any CPU
		{597ADF1F-0A75-46AB-87DA-EFBC0C08AF2F}.Release|x64.ActiveCfg = Release|Any CPU
		{597ADF1F-0A75-46AB-87DA-EFBC0C08AF2F}.Release|x64.Build.0 = Release|Any CPU
		{7D63D088-FF74-41C0-8595-671D4C7E05E1}.Debug|Any CPU.ActiveCfg = Debug|Any CPU
		{7D63D088-FF74-41C0-8595-671D4C7E05E1}.Debug|Any CPU.Build.0 = Debug|Any CPU
		{7D63D088-FF74-41C0-8595-671D4C7E05E1}.Debug|x64.ActiveCfg = Debug|Any CPU
		{7D63D088-FF74-41C0-8595-671D4C7E05E1}.Debug|x64.Build.0 = Debug|Any CPU
		{7D63D088-FF74-41C0-8595-671D4C7E05E1}.Release|Any CPU.ActiveCfg = Release|Any CPU
		{7D63D088-FF74-41C0-8595-671D4C7E05E1}.Release|Any CPU.Build.0 = Release|Any CPU
		{7D63D088-FF74-41C0-8595-671D4C7E05E1}.Release|x64.ActiveCfg = Release|Any CPU
		{7D63D088-FF74-41C0-8595-671D4C7E05E1}.Release|x64.Build.0 = Release|Any CPU
	EndGlobalSection
	GlobalSection(SolutionProperties) = preSolution
		HideSolutionNode = FALSE
	EndGlobalSection
	GlobalSection(NestedProjects) = preSolution
		{356ED485-42AC-4D1F-A5D3-A26ECD6E974A} = {02EA681E-C7D8-13C7-8484-4AC65E1B71E8}
		{597ADF1F-0A75-46AB-87DA-EFBC0C08AF2F} = {02EA681E-C7D8-13C7-8484-4AC65E1B71E8}
		{7D63D088-FF74-41C0-8595-671D4C7E05E1} = {6AEA138C-842C-408A-9F88-ACB936326DC5}
	EndGlobalSection
	GlobalSection(ExtensibilityGlobals) = postSolution
		SolutionGuid = {16EC8287-2530-468A-B68E-2D97274F90FF}
	EndGlobalSection
EndGlobal
